// !$*UTF8*$!
{
	archiveVersion = 1;
	classes = {
	};
	objectVersion = 52;
	objects = {

/* Begin PBXBuildFile section */
		07CDCF2CD694DFE57569E46D /* libPods-BananaATVBrowser.a in Frameworks */ = {isa = PBXBuildFile; fileRef = B394F45F9187333C07E17191 /* libPods-BananaATVBrowser.a */; };
		28021ABA28CACDF500C25E62 /* PdfViewer.storyboard in Resources */ = {isa = PBXBuildFile; fileRef = 28021AB828CACDF500C25E62 /* PdfViewer.storyboard */; };
		28021ABD28CACEC400C25E62 /* PDFViewController.m in Sources */ = {isa = PBXBuildFile; fileRef = 28021ABC28CACEC400C25E62 /* PDFViewController.m */; };
		286CE1F328C8721400068263 /* InfoPlist.strings in Resources */ = {isa = PBXBuildFile; fileRef = 286CE1F528C8721400068263 /* InfoPlist.strings */; };
		286CE1FB28C8750B00068263 /* Localizable.strings in Resources */ = {isa = PBXBuildFile; fileRef = 286CE1FD28C8750B00068263 /* Localizable.strings */; };
		286CE20428C8CB4600068263 /* Startup.storyboard in Resources */ = {isa = PBXBuildFile; fileRef = 286CE20628C8CB4600068263 /* Startup.storyboard */; };
		286CE21228C8D00400068263 /* StartupViewController.m in Sources */ = {isa = PBXBuildFile; fileRef = 286CE21128C8D00400068263 /* StartupViewController.m */; };
		289F88E028D1A2ED005FE88B /* VLCPlayer.storyboard in Resources */ = {isa = PBXBuildFile; fileRef = 289F88DF28D1A2ED005FE88B /* VLCPlayer.storyboard */; };
		289F88E328D1AB37005FE88B /* PlayerViewController.m in Sources */ = {isa = PBXBuildFile; fileRef = 289F88E228D1AB37005FE88B /* PlayerViewController.m */; };
		289F88E828D1B027005FE88B /* TVVLCKit.xcframework in Frameworks */ = {isa = PBXBuildFile; fileRef = 289F88E428D1AD13005FE88B /* TVVLCKit.xcframework */; };
		28C6022A28CAF4AF006A70D1 /* UIChooseNavigationController.m in Sources */ = {isa = PBXBuildFile; fileRef = 28C6022928CAF4AF006A70D1 /* UIChooseNavigationController.m */; };
		3A2A7C1621E7805D0083CB13 /* go-back-left-arrow.png in Resources */ = {isa = PBXBuildFile; fileRef = 3A2A7C1121E7805D0083CB13 /* go-back-left-arrow.png */; };
		3A2A7C1721E7805D0083CB13 /* house-outline.png in Resources */ = {isa = PBXBuildFile; fileRef = 3A2A7C1221E7805D0083CB13 /* house-outline.png */; };
		3A2A7C1821E7805D0083CB13 /* right-arrow-forward.png in Resources */ = {isa = PBXBuildFile; fileRef = 3A2A7C1321E7805D0083CB13 /* right-arrow-forward.png */; };
		3A2A7C1921E7805D0083CB13 /* refresh-button.png in Resources */ = {isa = PBXBuildFile; fileRef = 3A2A7C1421E7805D0083CB13 /* refresh-button.png */; };
		3A2A7C1A21E7805E0083CB13 /* maximize-2.png in Resources */ = {isa = PBXBuildFile; fileRef = 3A2A7C1521E7805D0083CB13 /* maximize-2.png */; };
		3A2A7C1C21E783D00083CB13 /* menu-button.png in Resources */ = {isa = PBXBuildFile; fileRef = 3A2A7C1B21E783D00083CB13 /* menu-button.png */; };
		3A2A7C1E21E7842F0083CB13 /* menu-2.png in Resources */ = {isa = PBXBuildFile; fileRef = 3A2A7C1D21E7842E0083CB13 /* menu-2.png */; };
		3A2A7C2021E784760083CB13 /* resize-arrows.png in Resources */ = {isa = PBXBuildFile; fileRef = 3A2A7C1F21E784760083CB13 /* resize-arrows.png */; };
		9675E1FC20855F6500A4A84A /* Foundation.framework in Frameworks */ = {isa = PBXBuildFile; fileRef = 9675E1FB20855F6500A4A84A /* Foundation.framework */; };
		9675E1FF20857AEF00A4A84A /* UIKit.framework in Frameworks */ = {isa = PBXBuildFile; fileRef = 9675E1FE20857AEF00A4A84A /* UIKit.framework */; };
		B002B8671BAE420500C744AF /* main.m in Sources */ = {isa = PBXBuildFile; fileRef = B002B8661BAE420500C744AF /* main.m */; };
		B002B86A1BAE420500C744AF /* AppDelegate.m in Sources */ = {isa = PBXBuildFile; fileRef = B002B8691BAE420500C744AF /* AppDelegate.m */; };
		B002B86D1BAE420500C744AF /* ViewController.m in Sources */ = {isa = PBXBuildFile; fileRef = B002B86C1BAE420500C744AF /* ViewController.m */; };
		B002B8701BAE420500C744AF /* Main.storyboard in Resources */ = {isa = PBXBuildFile; fileRef = B002B86E1BAE420500C744AF /* Main.storyboard */; };
		B002B8721BAE420500C744AF /* Assets.xcassets in Resources */ = {isa = PBXBuildFile; fileRef = B002B8711BAE420500C744AF /* Assets.xcassets */; };
/* End PBXBuildFile section */

/* Begin PBXFileReference section */
		28021AB928CACDF500C25E62 /* Base */ = {isa = PBXFileReference; lastKnownFileType = file.storyboard; name = Base; path = Base.lproj/PdfViewer.storyboard; sourceTree = "<group>"; };
		28021ABB28CACEC400C25E62 /* PDFViewController.h */ = {isa = PBXFileReference; lastKnownFileType = sourcecode.c.h; path = PDFViewController.h; sourceTree = "<group>"; };
		28021ABC28CACEC400C25E62 /* PDFViewController.m */ = {isa = PBXFileReference; lastKnownFileType = sourcecode.c.objc; path = PDFViewController.m; sourceTree = "<group>"; };
		28021ABF28CAD72200C25E62 /* zh-Hans */ = {isa = PBXFileReference; lastKnownFileType = text.plist.strings; name = "zh-Hans"; path = "zh-Hans.lproj/PdfViewer.strings"; sourceTree = "<group>"; };
		28021AC128CAD72400C25E62 /* zh-Hant */ = {isa = PBXFileReference; lastKnownFileType = text.plist.strings; name = "zh-Hant"; path = "zh-Hant.lproj/PdfViewer.strings"; sourceTree = "<group>"; };
		28021AC328CAD72600C25E62 /* en */ = {isa = PBXFileReference; lastKnownFileType = text.plist.strings; name = en; path = en.lproj/PdfViewer.strings; sourceTree = "<group>"; };
		286CE1EF28C86FE000068263 /* zh-Hans */ = {isa = PBXFileReference; lastKnownFileType = text.plist.strings; name = "zh-Hans"; path = "zh-Hans.lproj/Main.strings"; sourceTree = "<group>"; };
		286CE1F028C86FE700068263 /* zh-Hant */ = {isa = PBXFileReference; lastKnownFileType = text.plist.strings; name = "zh-Hant"; path = "zh-Hant.lproj/Main.strings"; sourceTree = "<group>"; };
		286CE1F428C8721400068263 /* zh-Hans */ = {isa = PBXFileReference; lastKnownFileType = text.plist.strings; name = "zh-Hans"; path = "zh-Hans.lproj/InfoPlist.strings"; sourceTree = "<group>"; };
		286CE1F728C8745200068263 /* zh-Hant */ = {isa = PBXFileReference; lastKnownFileType = text.plist.strings; name = "zh-Hant"; path = "zh-Hant.lproj/InfoPlist.strings"; sourceTree = "<group>"; };
		286CE1F828C8745300068263 /* en */ = {isa = PBXFileReference; lastKnownFileType = text.plist.strings; name = en; path = en.lproj/InfoPlist.strings; sourceTree = "<group>"; };
		286CE1FC28C8750B00068263 /* en */ = {isa = PBXFileReference; lastKnownFileType = text.plist.strings; name = en; path = en.lproj/Localizable.strings; sourceTree = "<group>"; };
		286CE1FE28C8750E00068263 /* zh-Hant */ = {isa = PBXFileReference; lastKnownFileType = text.plist.strings; name = "zh-Hant"; path = "zh-Hant.lproj/Localizable.strings"; sourceTree = "<group>"; };
		286CE1FF28C8751000068263 /* zh-Hans */ = {isa = PBXFileReference; lastKnownFileType = text.plist.strings; name = "zh-Hans"; path = "zh-Hans.lproj/Localizable.strings"; sourceTree = "<group>"; };
		286CE20828C8CB4D00068263 /* zh-Hant */ = {isa = PBXFileReference; lastKnownFileType = text.plist.strings; name = "zh-Hant"; path = "zh-Hant.lproj/Startup.strings"; sourceTree = "<group>"; };
		286CE20A28C8CB4E00068263 /* en */ = {isa = PBXFileReference; lastKnownFileType = text.plist.strings; name = en; path = en.lproj/Startup.strings; sourceTree = "<group>"; };
		286CE20C28C8CB5900068263 /* en */ = {isa = PBXFileReference; lastKnownFileType = text.plist.strings; name = en; path = en.lproj/Main.strings; sourceTree = "<group>"; };
		286CE20D28C8CB7B00068263 /* Base */ = {isa = PBXFileReference; lastKnownFileType = file.storyboard; name = Base; path = Base.lproj/Startup.storyboard; sourceTree = "<group>"; };
		286CE20F28C8CBA300068263 /* zh-Hans */ = {isa = PBXFileReference; lastKnownFileType = text.plist.strings; name = "zh-Hans"; path = "zh-Hans.lproj/Startup.strings"; sourceTree = "<group>"; };
		286CE21028C8D00400068263 /* StartupViewController.h */ = {isa = PBXFileReference; lastKnownFileType = sourcecode.c.h; path = StartupViewController.h; sourceTree = "<group>"; };
		286CE21128C8D00400068263 /* StartupViewController.m */ = {isa = PBXFileReference; lastKnownFileType = sourcecode.c.objc; path = StartupViewController.m; sourceTree = "<group>"; };
		289F88DF28D1A2ED005FE88B /* VLCPlayer.storyboard */ = {isa = PBXFileReference; lastKnownFileType = file.storyboard; path = VLCPlayer.storyboard; sourceTree = "<group>"; };
		289F88E128D1AB37005FE88B /* PlayerViewController.h */ = {isa = PBXFileReference; lastKnownFileType = sourcecode.c.h; path = PlayerViewController.h; sourceTree = "<group>"; };
		289F88E228D1AB37005FE88B /* PlayerViewController.m */ = {isa = PBXFileReference; lastKnownFileType = sourcecode.c.objc; path = PlayerViewController.m; sourceTree = "<group>"; };
		289F88E428D1AD13005FE88B /* TVVLCKit.xcframework */ = {isa = PBXFileReference; lastKnownFileType = wrapper.xcframework; name = TVVLCKit.xcframework; path = Pods/TVVLCKit/TVVLCKit.xcframework; sourceTree = "<group>"; };
		28C6022828CAF4AF006A70D1 /* UIChooseNavigationController.h */ = {isa = PBXFileReference; lastKnownFileType = sourcecode.c.h; path = UIChooseNavigationController.h; sourceTree = "<group>"; };
		28C6022928CAF4AF006A70D1 /* UIChooseNavigationController.m */ = {isa = PBXFileReference; lastKnownFileType = sourcecode.c.objc; path = UIChooseNavigationController.m; sourceTree = "<group>"; };
		3A2A7C1121E7805D0083CB13 /* go-back-left-arrow.png */ = {isa = PBXFileReference; lastKnownFileType = image.png; path = "go-back-left-arrow.png"; sourceTree = "<group>"; };
		3A2A7C1221E7805D0083CB13 /* house-outline.png */ = {isa = PBXFileReference; lastKnownFileType = image.png; path = "house-outline.png"; sourceTree = "<group>"; };
		3A2A7C1321E7805D0083CB13 /* right-arrow-forward.png */ = {isa = PBXFileReference; lastKnownFileType = image.png; path = "right-arrow-forward.png"; sourceTree = "<group>"; };
		3A2A7C1421E7805D0083CB13 /* refresh-button.png */ = {isa = PBXFileReference; lastKnownFileType = image.png; path = "refresh-button.png"; sourceTree = "<group>"; };
		3A2A7C1521E7805D0083CB13 /* maximize-2.png */ = {isa = PBXFileReference; lastKnownFileType = image.png; path = "maximize-2.png"; sourceTree = "<group>"; };
		3A2A7C1B21E783D00083CB13 /* menu-button.png */ = {isa = PBXFileReference; lastKnownFileType = image.png; path = "menu-button.png"; sourceTree = "<group>"; };
		3A2A7C1D21E7842E0083CB13 /* menu-2.png */ = {isa = PBXFileReference; lastKnownFileType = image.png; path = "menu-2.png"; sourceTree = "<group>"; };
		3A2A7C1F21E784760083CB13 /* resize-arrows.png */ = {isa = PBXFileReference; lastKnownFileType = image.png; path = "resize-arrows.png"; sourceTree = "<group>"; };
		812941A6833A02BC6BF134AE /* Pods-BananaATVBrowser.release.xcconfig */ = {isa = PBXFileReference; includeInIndex = 1; lastKnownFileType = text.xcconfig; name = "Pods-BananaATVBrowser.release.xcconfig"; path = "Target Support Files/Pods-BananaATVBrowser/Pods-BananaATVBrowser.release.xcconfig"; sourceTree = "<group>"; };
		8FE96504ACDD3DF1D417A616 /* Pods-BananaATVBrowser.debug.xcconfig */ = {isa = PBXFileReference; includeInIndex = 1; lastKnownFileType = text.xcconfig; name = "Pods-BananaATVBrowser.debug.xcconfig"; path = "Target Support Files/Pods-BananaATVBrowser/Pods-BananaATVBrowser.debug.xcconfig"; sourceTree = "<group>"; };
		9675E1FB20855F6500A4A84A /* Foundation.framework */ = {isa = PBXFileReference; lastKnownFileType = wrapper.framework; name = Foundation.framework; path = System/Library/Frameworks/Foundation.framework; sourceTree = SDKROOT; };
		9675E1FE20857AEF00A4A84A /* UIKit.framework */ = {isa = PBXFileReference; lastKnownFileType = wrapper.framework; name = UIKit.framework; path = System/Library/Frameworks/UIKit.framework; sourceTree = SDKROOT; };
		B002B8621BAE420500C744AF /* BananaATVBrowser.app */ = {isa = PBXFileReference; explicitFileType = wrapper.application; includeInIndex = 0; path = BananaATVBrowser.app; sourceTree = BUILT_PRODUCTS_DIR; };
		B002B8661BAE420500C744AF /* main.m */ = {isa = PBXFileReference; lastKnownFileType = sourcecode.c.objc; path = main.m; sourceTree = "<group>"; };
		B002B8681BAE420500C744AF /* AppDelegate.h */ = {isa = PBXFileReference; lastKnownFileType = sourcecode.c.h; path = AppDelegate.h; sourceTree = "<group>"; };
		B002B8691BAE420500C744AF /* AppDelegate.m */ = {isa = PBXFileReference; lastKnownFileType = sourcecode.c.objc; path = AppDelegate.m; sourceTree = "<group>"; };
		B002B86B1BAE420500C744AF /* ViewController.h */ = {isa = PBXFileReference; lastKnownFileType = sourcecode.c.h; path = ViewController.h; sourceTree = "<group>"; };
		B002B86C1BAE420500C744AF /* ViewController.m */ = {isa = PBXFileReference; lastKnownFileType = sourcecode.c.objc; path = ViewController.m; sourceTree = "<group>"; };
		B002B86F1BAE420500C744AF /* Base */ = {isa = PBXFileReference; lastKnownFileType = file.storyboard; name = Base; path = Base.lproj/Main.storyboard; sourceTree = "<group>"; };
		B002B8711BAE420500C744AF /* Assets.xcassets */ = {isa = PBXFileReference; lastKnownFileType = folder.assetcatalog; path = Assets.xcassets; sourceTree = "<group>"; };
		B002B8731BAE420500C744AF /* Info.plist */ = {isa = PBXFileReference; lastKnownFileType = text.plist.xml; path = Info.plist; sourceTree = "<group>"; };
		B0F6B4611BAEBF9900E2F26B /* README.mdown */ = {isa = PBXFileReference; fileEncoding = 4; lastKnownFileType = net.daringfireball.markdown; path = README.mdown; sourceTree = "<group>"; };
		B394F45F9187333C07E17191 /* libPods-BananaATVBrowser.a */ = {isa = PBXFileReference; explicitFileType = archive.ar; includeInIndex = 0; path = "libPods-BananaATVBrowser.a"; sourceTree = BUILT_PRODUCTS_DIR; };
/* End PBXFileReference section */

/* Begin PBXFrameworksBuildPhase section */
		B002B85F1BAE420500C744AF /* Frameworks */ = {
			isa = PBXFrameworksBuildPhase;
			buildActionMask = 2147483647;
			files = (
				9675E1FF20857AEF00A4A84A /* UIKit.framework in Frameworks */,
				9675E1FC20855F6500A4A84A /* Foundation.framework in Frameworks */,
				289F88E828D1B027005FE88B /* TVVLCKit.xcframework in Frameworks */,
				07CDCF2CD694DFE57569E46D /* libPods-BananaATVBrowser.a in Frameworks */,
			);
			runOnlyForDeploymentPostprocessing = 0;
		};
/* End PBXFrameworksBuildPhase section */

/* Begin PBXGroup section */
		3A2A7C0621E77E2C0083CB13 /* MenuIcons */ = {
			isa = PBXGroup;
			children = (
				3A2A7C1D21E7842E0083CB13 /* menu-2.png */,
				3A2A7C1F21E784760083CB13 /* resize-arrows.png */,
				3A2A7C1B21E783D00083CB13 /* menu-button.png */,
				3A2A7C1121E7805D0083CB13 /* go-back-left-arrow.png */,
				3A2A7C1221E7805D0083CB13 /* house-outline.png */,
				3A2A7C1521E7805D0083CB13 /* maximize-2.png */,
				3A2A7C1421E7805D0083CB13 /* refresh-button.png */,
				3A2A7C1321E7805D0083CB13 /* right-arrow-forward.png */,
			);
			name = MenuIcons;
			path = ../../Icons/MenuIcons;
			sourceTree = "<group>";
		};
		5096E888844B928AEE6C42B5 /* Pods */ = {
			isa = PBXGroup;
			children = (
				8FE96504ACDD3DF1D417A616 /* Pods-BananaATVBrowser.debug.xcconfig */,
				812941A6833A02BC6BF134AE /* Pods-BananaATVBrowser.release.xcconfig */,
			);
			path = Pods;
			sourceTree = "<group>";
		};
		9675E1FA20855F6500A4A84A /* Frameworks */ = {
			isa = PBXGroup;
			children = (
				289F88E428D1AD13005FE88B /* TVVLCKit.xcframework */,
				9675E1FE20857AEF00A4A84A /* UIKit.framework */,
				9675E1FB20855F6500A4A84A /* Foundation.framework */,
				B394F45F9187333C07E17191 /* libPods-BananaATVBrowser.a */,
			);
			name = Frameworks;
			sourceTree = "<group>";
		};
		B002B8591BAE420500C744AF = {
			isa = PBXGroup;
			children = (
				B0F6B4611BAEBF9900E2F26B /* README.mdown */,
				B002B8641BAE420500C744AF /* Browser */,
				B002B8631BAE420500C744AF /* Products */,
				9675E1FA20855F6500A4A84A /* Frameworks */,
				5096E888844B928AEE6C42B5 /* Pods */,
			);
			sourceTree = "<group>";
		};
		B002B8631BAE420500C744AF /* Products */ = {
			isa = PBXGroup;
			children = (
				B002B8621BAE420500C744AF /* BananaATVBrowser.app */,
			);
			name = Products;
			sourceTree = "<group>";
		};
		B002B8641BAE420500C744AF /* Browser */ = {
			isa = PBXGroup;
			children = (
				B002B8681BAE420500C744AF /* AppDelegate.h */,
				B002B8691BAE420500C744AF /* AppDelegate.m */,
				B002B86B1BAE420500C744AF /* ViewController.h */,
				286CE21028C8D00400068263 /* StartupViewController.h */,
				28021ABB28CACEC400C25E62 /* PDFViewController.h */,
				28021ABC28CACEC400C25E62 /* PDFViewController.m */,
				28C6022828CAF4AF006A70D1 /* UIChooseNavigationController.h */,
				28C6022928CAF4AF006A70D1 /* UIChooseNavigationController.m */,
				286CE21128C8D00400068263 /* StartupViewController.m */,
				B002B86C1BAE420500C744AF /* ViewController.m */,
				289F88E128D1AB37005FE88B /* PlayerViewController.h */,
				289F88E228D1AB37005FE88B /* PlayerViewController.m */,
				3A2A7C0621E77E2C0083CB13 /* MenuIcons */,
				B002B8651BAE420500C744AF /* Supporting Files */,
			);
			path = Browser;
			sourceTree = "<group>";
		};
		B002B8651BAE420500C744AF /* Supporting Files */ = {
			isa = PBXGroup;
			children = (
				B002B8661BAE420500C744AF /* main.m */,
				B002B86E1BAE420500C744AF /* Main.storyboard */,
				28021AB828CACDF500C25E62 /* PdfViewer.storyboard */,
				286CE20628C8CB4600068263 /* Startup.storyboard */,
				B002B8711BAE420500C744AF /* Assets.xcassets */,
				B002B8731BAE420500C744AF /* Info.plist */,
				286CE1FD28C8750B00068263 /* Localizable.strings */,
				286CE1F528C8721400068263 /* InfoPlist.strings */,
				289F88DF28D1A2ED005FE88B /* VLCPlayer.storyboard */,
			);
			name = "Supporting Files";
			sourceTree = "<group>";
		};
/* End PBXGroup section */

/* Begin PBXNativeTarget section */
		B002B8611BAE420500C744AF /* BananaATVBrowser */ = {
			isa = PBXNativeTarget;
			buildConfigurationList = B002B8761BAE420500C744AF /* Build configuration list for PBXNativeTarget "BananaATVBrowser" */;
			buildPhases = (
				BBDB1C0EE2F182039BC5C958 /* [CP] Check Pods Manifest.lock */,
				B002B85E1BAE420500C744AF /* Sources */,
				B002B85F1BAE420500C744AF /* Frameworks */,
				B002B8601BAE420500C744AF /* Resources */,
				9693F8451BF5A99E00077BAB /* ShellScript */,
				67E5058A997F4CA1B144A2F9 /* [CP] Copy Pods Resources */,
				EE183A7F25176031724D38DF /* [CP] Embed Pods Frameworks */,
			);
			buildRules = (
			);
			dependencies = (
			);
			name = BananaATVBrowser;
			productName = Browser;
			productReference = B002B8621BAE420500C744AF /* BananaATVBrowser.app */;
			productType = "com.apple.product-type.application";
		};
/* End PBXNativeTarget section */

/* Begin PBXProject section */
		B002B85A1BAE420500C744AF /* Project object */ = {
			isa = PBXProject;
			attributes = {
				LastUpgradeCheck = 1320;
				ORGANIZATIONNAME = "High Caffeine Content";
				TargetAttributes = {
					B002B8611BAE420500C744AF = {
						CreatedOnToolsVersion = 7.1;
						DevelopmentTeam = 7CYH7THFLQ;
					};
				};
			};
			buildConfigurationList = B002B85D1BAE420500C744AF /* Build configuration list for PBXProject "BananaATVBrowser" */;
			compatibilityVersion = "Xcode 3.2";
			developmentRegion = en;
			hasScannedForEncodings = 0;
			knownRegions = (
				en,
				Base,
				"zh-Hans",
				"zh-Hant",
			);
			mainGroup = B002B8591BAE420500C744AF;
			productRefGroup = B002B8631BAE420500C744AF /* Products */;
			projectDirPath = "";
			projectRoot = "";
			targets = (
				B002B8611BAE420500C744AF /* BananaATVBrowser */,
			);
		};
/* End PBXProject section */

/* Begin PBXResourcesBuildPhase section */
		B002B8601BAE420500C744AF /* Resources */ = {
			isa = PBXResourcesBuildPhase;
			buildActionMask = 2147483647;
			files = (
				3A2A7C1C21E783D00083CB13 /* menu-button.png in Resources */,
				286CE1FB28C8750B00068263 /* Localizable.strings in Resources */,
				3A2A7C2021E784760083CB13 /* resize-arrows.png in Resources */,
				B002B8721BAE420500C744AF /* Assets.xcassets in Resources */,
				B002B8701BAE420500C744AF /* Main.storyboard in Resources */,
				3A2A7C1821E7805D0083CB13 /* right-arrow-forward.png in Resources */,
				3A2A7C1E21E7842F0083CB13 /* menu-2.png in Resources */,
				3A2A7C1621E7805D0083CB13 /* go-back-left-arrow.png in Resources */,
				286CE20428C8CB4600068263 /* Startup.storyboard in Resources */,
				28021ABA28CACDF500C25E62 /* PdfViewer.storyboard in Resources */,
				3A2A7C1921E7805D0083CB13 /* refresh-button.png in Resources */,
				3A2A7C1A21E7805E0083CB13 /* maximize-2.png in Resources */,
				289F88E028D1A2ED005FE88B /* VLCPlayer.storyboard in Resources */,
				286CE1F328C8721400068263 /* InfoPlist.strings in Resources */,
				3A2A7C1721E7805D0083CB13 /* house-outline.png in Resources */,
			);
			runOnlyForDeploymentPostprocessing = 0;
		};
/* End PBXResourcesBuildPhase section */

/* Begin PBXShellScriptBuildPhase section */
		67E5058A997F4CA1B144A2F9 /* [CP] Copy Pods Resources */ = {
			isa = PBXShellScriptBuildPhase;
			buildActionMask = 2147483647;
			files = (
			);
			inputPaths = (
				"${PODS_ROOT}/Target Support Files/Pods-BananaATVBrowser/Pods-BananaATVBrowser-resources.sh",
				"${PODS_ROOT}/SVProgressHUD/SVProgressHUD/SVProgressHUD.bundle",
			);
			name = "[CP] Copy Pods Resources";
			outputPaths = (
				"${TARGET_BUILD_DIR}/${UNLOCALIZED_RESOURCES_FOLDER_PATH}/SVProgressHUD.bundle",
			);
			runOnlyForDeploymentPostprocessing = 0;
			shellPath = /bin/sh;
			shellScript = "\"${PODS_ROOT}/Target Support Files/Pods-BananaATVBrowser/Pods-BananaATVBrowser-resources.sh\"\n";
			showEnvVarsInLog = 0;
		};
		9693F8451BF5A99E00077BAB /* ShellScript */ = {
			isa = PBXShellScriptBuildPhase;
			buildActionMask = 8;
			files = (
			);
			inputPaths = (
			);
			outputPaths = (
			);
			runOnlyForDeploymentPostprocessing = 1;
			shellPath = /bin/sh;
			shellScript = "buildNumber=$(/usr/libexec/PlistBuddy -c \"Print CFBundleVersion\" \"${PROJECT_DIR}/${INFOPLIST_FILE}\")\nbuildNumber=$(($buildNumber + 1))\n/usr/libexec/PlistBuddy -c \"Set :CFBundleVersion $buildNumber\" \"${PROJECT_DIR}/${INFOPLIST_FILE}\"";
		};
		BBDB1C0EE2F182039BC5C958 /* [CP] Check Pods Manifest.lock */ = {
			isa = PBXShellScriptBuildPhase;
			buildActionMask = 2147483647;
			files = (
			);
			inputFileListPaths = (
			);
			inputPaths = (
				"${PODS_PODFILE_DIR_PATH}/Podfile.lock",
				"${PODS_ROOT}/Manifest.lock",
			);
			name = "[CP] Check Pods Manifest.lock";
			outputFileListPaths = (
			);
			outputPaths = (
				"$(DERIVED_FILE_DIR)/Pods-BananaATVBrowser-checkManifestLockResult.txt",
			);
			runOnlyForDeploymentPostprocessing = 0;
			shellPath = /bin/sh;
			shellScript = "diff \"${PODS_PODFILE_DIR_PATH}/Podfile.lock\" \"${PODS_ROOT}/Manifest.lock\" > /dev/null\nif [ $? != 0 ] ; then\n    # print error to STDERR\n    echo \"error: The sandbox is not in sync with the Podfile.lock. Run 'pod install' or update your CocoaPods installation.\" >&2\n    exit 1\nfi\n# This output is used by Xcode 'outputs' to avoid re-running this script phase.\necho \"SUCCESS\" > \"${SCRIPT_OUTPUT_FILE_0}\"\n";
			showEnvVarsInLog = 0;
		};
		EE183A7F25176031724D38DF /* [CP] Embed Pods Frameworks */ = {
			isa = PBXShellScriptBuildPhase;
			buildActionMask = 2147483647;
			files = (
			);
			inputPaths = (
				"${PODS_ROOT}/Target Support Files/Pods-BananaATVBrowser/Pods-BananaATVBrowser-frameworks.sh",
				"${PODS_XCFRAMEWORKS_BUILD_DIR}/TVVLCKit/TVVLCKit.framework/TVVLCKit",
			);
			name = "[CP] Embed Pods Frameworks";
			outputPaths = (
				"${TARGET_BUILD_DIR}/${FRAMEWORKS_FOLDER_PATH}/TVVLCKit.framework",
			);
			runOnlyForDeploymentPostprocessing = 0;
			shellPath = /bin/sh;
			shellScript = "\"${PODS_ROOT}/Target Support Files/Pods-BananaATVBrowser/Pods-BananaATVBrowser-frameworks.sh\"\n";
			showEnvVarsInLog = 0;
		};
/* End PBXShellScriptBuildPhase section */

/* Begin PBXSourcesBuildPhase section */
		B002B85E1BAE420500C744AF /* Sources */ = {
			isa = PBXSourcesBuildPhase;
			buildActionMask = 2147483647;
			files = (
				28C6022A28CAF4AF006A70D1 /* UIChooseNavigationController.m in Sources */,
				B002B86D1BAE420500C744AF /* ViewController.m in Sources */,
				286CE21228C8D00400068263 /* StartupViewController.m in Sources */,
				28021ABD28CACEC400C25E62 /* PDFViewController.m in Sources */,
				B002B86A1BAE420500C744AF /* AppDelegate.m in Sources */,
				B002B8671BAE420500C744AF /* main.m in Sources */,
				289F88E328D1AB37005FE88B /* PlayerViewController.m in Sources */,
			);
			runOnlyForDeploymentPostprocessing = 0;
		};
/* End PBXSourcesBuildPhase section */

/* Begin PBXVariantGroup section */
		28021AB828CACDF500C25E62 /* PdfViewer.storyboard */ = {
			isa = PBXVariantGroup;
			children = (
				28021AB928CACDF500C25E62 /* Base */,
				28021ABF28CAD72200C25E62 /* zh-Hans */,
				28021AC128CAD72400C25E62 /* zh-Hant */,
				28021AC328CAD72600C25E62 /* en */,
			);
			name = PdfViewer.storyboard;
			sourceTree = "<group>";
		};
		286CE1F528C8721400068263 /* InfoPlist.strings */ = {
			isa = PBXVariantGroup;
			children = (
				286CE1F428C8721400068263 /* zh-Hans */,
				286CE1F728C8745200068263 /* zh-Hant */,
				286CE1F828C8745300068263 /* en */,
			);
			name = InfoPlist.strings;
			sourceTree = "<group>";
		};
		286CE1FD28C8750B00068263 /* Localizable.strings */ = {
			isa = PBXVariantGroup;
			children = (
				286CE1FC28C8750B00068263 /* en */,
				286CE1FE28C8750E00068263 /* zh-Hant */,
				286CE1FF28C8751000068263 /* zh-Hans */,
			);
			name = Localizable.strings;
			sourceTree = "<group>";
		};
		286CE20628C8CB4600068263 /* Startup.storyboard */ = {
			isa = PBXVariantGroup;
			children = (
				286CE20828C8CB4D00068263 /* zh-Hant */,
				286CE20A28C8CB4E00068263 /* en */,
				286CE20D28C8CB7B00068263 /* Base */,
				286CE20F28C8CBA300068263 /* zh-Hans */,
			);
			name = Startup.storyboard;
			sourceTree = "<group>";
		};
		B002B86E1BAE420500C744AF /* Main.storyboard */ = {
			isa = PBXVariantGroup;
			children = (
				B002B86F1BAE420500C744AF /* Base */,
				286CE1EF28C86FE000068263 /* zh-Hans */,
				286CE1F028C86FE700068263 /* zh-Hant */,
				286CE20C28C8CB5900068263 /* en */,
			);
			name = Main.storyboard;
			sourceTree = "<group>";
		};
/* End PBXVariantGroup section */

/* Begin XCBuildConfiguration section */
		B002B8741BAE420500C744AF /* Debug */ = {
			isa = XCBuildConfiguration;
			buildSettings = {
				ALWAYS_SEARCH_USER_PATHS = NO;
				CLANG_ANALYZER_LOCALIZABILITY_NONLOCALIZED = YES;
				CLANG_CXX_LANGUAGE_STANDARD = "gnu++0x";
				CLANG_CXX_LIBRARY = "libc++";
				CLANG_ENABLE_MODULES = YES;
				CLANG_ENABLE_OBJC_ARC = YES;
				CLANG_WARN_BLOCK_CAPTURE_AUTORELEASING = YES;
				CLANG_WARN_BOOL_CONVERSION = YES;
				CLANG_WARN_COMMA = YES;
				CLANG_WARN_CONSTANT_CONVERSION = YES;
				CLANG_WARN_DEPRECATED_OBJC_IMPLEMENTATIONS = YES;
				CLANG_WARN_DIRECT_OBJC_ISA_USAGE = YES_ERROR;
				CLANG_WARN_EMPTY_BODY = YES;
				CLANG_WARN_ENUM_CONVERSION = YES;
				CLANG_WARN_INFINITE_RECURSION = YES;
				CLANG_WARN_INT_CONVERSION = YES;
				CLANG_WARN_NON_LITERAL_NULL_CONVERSION = YES;
				CLANG_WARN_OBJC_IMPLICIT_RETAIN_SELF = YES;
				CLANG_WARN_OBJC_LITERAL_CONVERSION = YES;
				CLANG_WARN_OBJC_ROOT_CLASS = YES_ERROR;
				CLANG_WARN_QUOTED_INCLUDE_IN_FRAMEWORK_HEADER = YES;
				CLANG_WARN_RANGE_LOOP_ANALYSIS = YES;
				CLANG_WARN_STRICT_PROTOTYPES = YES;
				CLANG_WARN_SUSPICIOUS_MOVE = YES;
				CLANG_WARN_UNREACHABLE_CODE = YES;
				CLANG_WARN__DUPLICATE_METHOD_MATCH = YES;
				COPY_PHASE_STRIP = NO;
				DEBUG_INFORMATION_FORMAT = dwarf;
				ENABLE_STRICT_OBJC_MSGSEND = YES;
				ENABLE_TESTABILITY = YES;
				GCC_C_LANGUAGE_STANDARD = gnu99;
				GCC_DYNAMIC_NO_PIC = NO;
				GCC_NO_COMMON_BLOCKS = YES;
				GCC_OPTIMIZATION_LEVEL = 0;
				GCC_PREPROCESSOR_DEFINITIONS = (
					"DEBUG=1",
					"$(inherited)",
				);
				GCC_WARN_64_TO_32_BIT_CONVERSION = YES;
				GCC_WARN_ABOUT_RETURN_TYPE = YES_ERROR;
				GCC_WARN_UNDECLARED_SELECTOR = YES;
				GCC_WARN_UNINITIALIZED_AUTOS = YES_AGGRESSIVE;
				GCC_WARN_UNUSED_FUNCTION = YES;
				GCC_WARN_UNUSED_VARIABLE = YES;
				MTL_ENABLE_DEBUG_INFO = YES;
				ONLY_ACTIVE_ARCH = YES;
				SDKROOT = appletvos;
				TARGETED_DEVICE_FAMILY = 3;
				TVOS_DEPLOYMENT_TARGET = 12.0;
			};
			name = Debug;
		};
		B002B8751BAE420500C744AF /* Release */ = {
			isa = XCBuildConfiguration;
			buildSettings = {
				ALWAYS_SEARCH_USER_PATHS = NO;
				CLANG_ANALYZER_LOCALIZABILITY_NONLOCALIZED = YES;
				CLANG_CXX_LANGUAGE_STANDARD = "gnu++0x";
				CLANG_CXX_LIBRARY = "libc++";
				CLANG_ENABLE_MODULES = YES;
				CLANG_ENABLE_OBJC_ARC = YES;
				CLANG_WARN_BLOCK_CAPTURE_AUTORELEASING = YES;
				CLANG_WARN_BOOL_CONVERSION = YES;
				CLANG_WARN_COMMA = YES;
				CLANG_WARN_CONSTANT_CONVERSION = YES;
				CLANG_WARN_DEPRECATED_OBJC_IMPLEMENTATIONS = YES;
				CLANG_WARN_DIRECT_OBJC_ISA_USAGE = YES_ERROR;
				CLANG_WARN_EMPTY_BODY = YES;
				CLANG_WARN_ENUM_CONVERSION = YES;
				CLANG_WARN_INFINITE_RECURSION = YES;
				CLANG_WARN_INT_CONVERSION = YES;
				CLANG_WARN_NON_LITERAL_NULL_CONVERSION = YES;
				CLANG_WARN_OBJC_IMPLICIT_RETAIN_SELF = YES;
				CLANG_WARN_OBJC_LITERAL_CONVERSION = YES;
				CLANG_WARN_OBJC_ROOT_CLASS = YES_ERROR;
				CLANG_WARN_QUOTED_INCLUDE_IN_FRAMEWORK_HEADER = YES;
				CLANG_WARN_RANGE_LOOP_ANALYSIS = YES;
				CLANG_WARN_STRICT_PROTOTYPES = YES;
				CLANG_WARN_SUSPICIOUS_MOVE = YES;
				CLANG_WARN_UNREACHABLE_CODE = YES;
				CLANG_WARN__DUPLICATE_METHOD_MATCH = YES;
				COPY_PHASE_STRIP = NO;
				DEBUG_INFORMATION_FORMAT = "dwarf-with-dsym";
				ENABLE_NS_ASSERTIONS = NO;
				ENABLE_STRICT_OBJC_MSGSEND = YES;
				GCC_C_LANGUAGE_STANDARD = gnu99;
				GCC_NO_COMMON_BLOCKS = YES;
				GCC_WARN_64_TO_32_BIT_CONVERSION = YES;
				GCC_WARN_ABOUT_RETURN_TYPE = YES_ERROR;
				GCC_WARN_UNDECLARED_SELECTOR = YES;
				GCC_WARN_UNINITIALIZED_AUTOS = YES_AGGRESSIVE;
				GCC_WARN_UNUSED_FUNCTION = YES;
				GCC_WARN_UNUSED_VARIABLE = YES;
				MTL_ENABLE_DEBUG_INFO = NO;
				ONLY_ACTIVE_ARCH = YES;
				SDKROOT = appletvos;
				TARGETED_DEVICE_FAMILY = 3;
				TVOS_DEPLOYMENT_TARGET = 12.0;
				VALIDATE_PRODUCT = YES;
			};
			name = Release;
		};
		B002B8771BAE420500C744AF /* Debug */ = {
			isa = XCBuildConfiguration;
			baseConfigurationReference = 8FE96504ACDD3DF1D417A616 /* Pods-BananaATVBrowser.debug.xcconfig */;
			buildSettings = {
				ALWAYS_SEARCH_USER_PATHS = NO;
				ASSETCATALOG_COMPILER_APPICON_NAME = "App Icon & Top Shelf Image";
				ASSETCATALOG_COMPILER_LAUNCHIMAGE_NAME = LaunchImage;
				CODE_SIGN_IDENTITY = "iPhone Developer";
				DEVELOPMENT_TEAM = 7CYH7THFLQ;
				EMBED_ASSET_PACKS_IN_PRODUCT_BUNDLE = YES;
				ENABLE_ON_DEMAND_RESOURCES = NO;
				FRAMEWORK_SEARCH_PATHS = "";
				INFOPLIST_FILE = Browser/Info.plist;
				LD_RUNPATH_SEARCH_PATHS = (
					"$(inherited)",
					"@executable_path/Frameworks",
				);
				PRODUCT_BUNDLE_IDENTIFIER = tv.bananayellow.tvbrowser;
				PRODUCT_NAME = "$(TARGET_NAME)";
				SCAN_ALL_SOURCE_FILES_FOR_INCLUDES = NO;
				TVOS_DEPLOYMENT_TARGET = 13.0;
			};
			name = Debug;
		};
		B002B8781BAE420500C744AF /* Release */ = {
			isa = XCBuildConfiguration;
			baseConfigurationReference = 812941A6833A02BC6BF134AE /* Pods-BananaATVBrowser.release.xcconfig */;
			buildSettings = {
				ALWAYS_SEARCH_USER_PATHS = NO;
				ASSETCATALOG_COMPILER_APPICON_NAME = "App Icon & Top Shelf Image";
				ASSETCATALOG_COMPILER_LAUNCHIMAGE_NAME = LaunchImage;
				CODE_SIGN_IDENTITY = "iPhone Developer";
				DEVELOPMENT_TEAM = 7CYH7THFLQ;
				EMBED_ASSET_PACKS_IN_PRODUCT_BUNDLE = YES;
				ENABLE_ON_DEMAND_RESOURCES = NO;
				FRAMEWORK_SEARCH_PATHS = "";
				INFOPLIST_FILE = Browser/Info.plist;
				LD_RUNPATH_SEARCH_PATHS = (
					"$(inherited)",
					"@executable_path/Frameworks",
				);
				PRODUCT_BUNDLE_IDENTIFIER = tv.bananayellow.tvbrowser;
				PRODUCT_NAME = "$(TARGET_NAME)";
				SCAN_ALL_SOURCE_FILES_FOR_INCLUDES = NO;
				TVOS_DEPLOYMENT_TARGET = 13.0;
			};
			name = Release;
		};
/* End XCBuildConfiguration section */

/* Begin XCConfigurationList section */
		B002B85D1BAE420500C744AF /* Build configuration list for PBXProject "BananaATVBrowser" */ = {
			isa = XCConfigurationList;
			buildConfigurations = (
				B002B8741BAE420500C744AF /* Debug */,
				B002B8751BAE420500C744AF /* Release */,
			);
			defaultConfigurationIsVisible = 0;
			defaultConfigurationName = Release;
		};
		B002B8761BAE420500C744AF /* Build configuration list for PBXNativeTarget "BananaATVBrowser" */ = {
			isa = XCConfigurationList;
			buildConfigurations = (
				B002B8771BAE420500C744AF /* Debug */,
				B002B8781BAE420500C744AF /* Release */,
			);
			defaultConfigurationIsVisible = 0;
			defaultConfigurationName = Release;
		};
/* End XCConfigurationList section */
	};
	rootObject = B002B85A1BAE420500C744AF /* Project object */;
}
